// !$*UTF8*$!
{
	archiveVersion = 1;
	classes = {
	};
	objectVersion = 56;
	objects = {

/* Begin PBXBuildFile section */
		558562F52BBADD1A00034CAE /* AppDelegate.swift in Sources */ = {isa = PBXBuildFile; fileRef = 558562F42BBADD1A00034CAE /* AppDelegate.swift */; };
		558562F72BBADD1A00034CAE /* SceneDelegate.swift in Sources */ = {isa = PBXBuildFile; fileRef = 558562F62BBADD1A00034CAE /* SceneDelegate.swift */; };
		558562F92BBADD1A00034CAE /* ViewController.swift in Sources */ = {isa = PBXBuildFile; fileRef = 558562F82BBADD1A00034CAE /* ViewController.swift */; };
		558562FC2BBADD1A00034CAE /* Main.storyboard in Resources */ = {isa = PBXBuildFile; fileRef = 558562FA2BBADD1A00034CAE /* Main.storyboard */; };
		558562FF2BBADD1A00034CAE /* FolderPlus.xcdatamodeld in Sources */ = {isa = PBXBuildFile; fileRef = 558562FD2BBADD1A00034CAE /* FolderPlus.xcdatamodeld */; };
		558563012BBADD1C00034CAE /* Assets.xcassets in Resources */ = {isa = PBXBuildFile; fileRef = 558563002BBADD1C00034CAE /* Assets.xcassets */; };
		558563042BBADD1C00034CAE /* LaunchScreen.storyboard in Resources */ = {isa = PBXBuildFile; fileRef = 558563022BBADD1C00034CAE /* LaunchScreen.storyboard */; };
		5585630F2BBADD1C00034CAE /* FolderPlusTests.swift in Sources */ = {isa = PBXBuildFile; fileRef = 5585630E2BBADD1C00034CAE /* FolderPlusTests.swift */; };
		558563192BBADD1C00034CAE /* FolderPlusUITests.swift in Sources */ = {isa = PBXBuildFile; fileRef = 558563182BBADD1C00034CAE /* FolderPlusUITests.swift */; };
		5585631B2BBADD1C00034CAE /* FolderPlusUITestsLaunchTests.swift in Sources */ = {isa = PBXBuildFile; fileRef = 5585631A2BBADD1C00034CAE /* FolderPlusUITestsLaunchTests.swift */; };
/* End PBXBuildFile section */

/* Begin PBXContainerItemProxy section */
		5585630B2BBADD1C00034CAE /* PBXContainerItemProxy */ = {
			isa = PBXContainerItemProxy;
			containerPortal = 558562E92BBADD1A00034CAE /* Project object */;
			proxyType = 1;
			remoteGlobalIDString = 558562F02BBADD1A00034CAE;
			remoteInfo = FolderPlus;
		};
		558563152BBADD1C00034CAE /* PBXContainerItemProxy */ = {
			isa = PBXContainerItemProxy;
			containerPortal = 558562E92BBADD1A00034CAE /* Project object */;
			proxyType = 1;
			remoteGlobalIDString = 558562F02BBADD1A00034CAE;
			remoteInfo = FolderPlus;
		};
/* End PBXContainerItemProxy section */

/* Begin PBXFileReference section */
		558562F12BBADD1A00034CAE /* FolderPlus.app */ = {isa = PBXFileReference; explicitFileType = wrapper.application; includeInIndex = 0; path = FolderPlus.app; sourceTree = BUILT_PRODUCTS_DIR; };
		558562F42BBADD1A00034CAE /* AppDelegate.swift */ = {isa = PBXFileReference; lastKnownFileType = sourcecode.swift; path = AppDelegate.swift; sourceTree = "<group>"; };
		558562F62BBADD1A00034CAE /* SceneDelegate.swift */ = {isa = PBXFileReference; lastKnownFileType = sourcecode.swift; path = SceneDelegate.swift; sourceTree = "<group>"; };
		558562F82BBADD1A00034CAE /* ViewController.swift */ = {isa = PBXFileReference; lastKnownFileType = sourcecode.swift; path = ViewController.swift; sourceTree = "<group>"; };
		558562FB2BBADD1A00034CAE /* Base */ = {isa = PBXFileReference; lastKnownFileType = file.storyboard; name = Base; path = Base.lproj/Main.storyboard; sourceTree = "<group>"; };
		558562FE2BBADD1A00034CAE /* FolderPlus.xcdatamodel */ = {isa = PBXFileReference; lastKnownFileType = wrapper.xcdatamodel; path = FolderPlus.xcdatamodel; sourceTree = "<group>"; };
		558563002BBADD1C00034CAE /* Assets.xcassets */ = {isa = PBXFileReference; lastKnownFileType = folder.assetcatalog; path = Assets.xcassets; sourceTree = "<group>"; };
		558563032BBADD1C00034CAE /* Base */ = {isa = PBXFileReference; lastKnownFileType = file.storyboard; name = Base; path = Base.lproj/LaunchScreen.storyboard; sourceTree = "<group>"; };
		558563052BBADD1C00034CAE /* Info.plist */ = {isa = PBXFileReference; lastKnownFileType = text.plist.xml; path = Info.plist; sourceTree = "<group>"; };
		5585630A2BBADD1C00034CAE /* FolderPlusTests.xctest */ = {isa = PBXFileReference; explicitFileType = wrapper.cfbundle; includeInIndex = 0; path = FolderPlusTests.xctest; sourceTree = BUILT_PRODUCTS_DIR; };
		5585630E2BBADD1C00034CAE /* FolderPlusTests.swift */ = {isa = PBXFileReference; lastKnownFileType = sourcecode.swift; path = FolderPlusTests.swift; sourceTree = "<group>"; };
		558563142BBADD1C00034CAE /* FolderPlusUITests.xctest */ = {isa = PBXFileReference; explicitFileType = wrapper.cfbundle; includeInIndex = 0; path = FolderPlusUITests.xctest; sourceTree = BUILT_PRODUCTS_DIR; };
		558563182BBADD1C00034CAE /* FolderPlusUITests.swift */ = {isa = PBXFileReference; lastKnownFileType = sourcecode.swift; path = FolderPlusUITests.swift; sourceTree = "<group>"; };
		5585631A2BBADD1C00034CAE /* FolderPlusUITestsLaunchTests.swift */ = {isa = PBXFileReference; lastKnownFileType = sourcecode.swift; path = FolderPlusUITestsLaunchTests.swift; sourceTree = "<group>"; };
/* End PBXFileReference section */

/* Begin PBXFrameworksBuildPhase section */
		558562EE2BBADD1A00034CAE /* Frameworks */ = {
			isa = PBXFrameworksBuildPhase;
			buildActionMask = 2147483647;
			files = (
			);
			runOnlyForDeploymentPostprocessing = 0;
		};
		558563072BBADD1C00034CAE /* Frameworks */ = {
			isa = PBXFrameworksBuildPhase;
			buildActionMask = 2147483647;
			files = (
			);
			runOnlyForDeploymentPostprocessing = 0;
		};
		558563112BBADD1C00034CAE /* Frameworks */ = {
			isa = PBXFrameworksBuildPhase;
			buildActionMask = 2147483647;
			files = (
			);
			runOnlyForDeploymentPostprocessing = 0;
		};
/* End PBXFrameworksBuildPhase section */

/* Begin PBXGroup section */
		558562E82BBADD1A00034CAE = {
			isa = PBXGroup;
			children = (
				558562F32BBADD1A00034CAE /* FolderPlus */,
				5585630D2BBADD1C00034CAE /* FolderPlusTests */,
				558563172BBADD1C00034CAE /* FolderPlusUITests */,
				558562F22BBADD1A00034CAE /* Products */,
			);
			sourceTree = "<group>";
		};
		558562F22BBADD1A00034CAE /* Products */ = {
			isa = PBXGroup;
			children = (
				558562F12BBADD1A00034CAE /* FolderPlus.app */,
				5585630A2BBADD1C00034CAE /* FolderPlusTests.xctest */,
				558563142BBADD1C00034CAE /* FolderPlusUITests.xctest */,
			);
			name = Products;
			sourceTree = "<group>";
		};
		558562F32BBADD1A00034CAE /* FolderPlus */ = {
			isa = PBXGroup;
			children = (
				558562F42BBADD1A00034CAE /* AppDelegate.swift */,
				558562F62BBADD1A00034CAE /* SceneDelegate.swift */,
				558562F82BBADD1A00034CAE /* ViewController.swift */,
				558562FA2BBADD1A00034CAE /* Main.storyboard */,
				558563002BBADD1C00034CAE /* Assets.xcassets */,
				558563022BBADD1C00034CAE /* LaunchScreen.storyboard */,
				558563052BBADD1C00034CAE /* Info.plist */,
				558562FD2BBADD1A00034CAE /* FolderPlus.xcdatamodeld */,
			);
			path = FolderPlus;
			sourceTree = "<group>";
		};
		5585630D2BBADD1C00034CAE /* FolderPlusTests */ = {
			isa = PBXGroup;
			children = (
				5585630E2BBADD1C00034CAE /* FolderPlusTests.swift */,
			);
			path = FolderPlusTests;
			sourceTree = "<group>";
		};
		558563172BBADD1C00034CAE /* FolderPlusUITests */ = {
			isa = PBXGroup;
			children = (
				558563182BBADD1C00034CAE /* FolderPlusUITests.swift */,
				5585631A2BBADD1C00034CAE /* FolderPlusUITestsLaunchTests.swift */,
			);
			path = FolderPlusUITests;
			sourceTree = "<group>";
		};
/* End PBXGroup section */

/* Begin PBXNativeTarget section */
		558562F02BBADD1A00034CAE /* FolderPlus */ = {
			isa = PBXNativeTarget;
			buildConfigurationList = 5585631E2BBADD1C00034CAE /* Build configuration list for PBXNativeTarget "FolderPlus" */;
			buildPhases = (
				558562ED2BBADD1A00034CAE /* Sources */,
				558562EE2BBADD1A00034CAE /* Frameworks */,
				558562EF2BBADD1A00034CAE /* Resources */,
			);
			buildRules = (
			);
			dependencies = (
			);
			name = FolderPlus;
			productName = FolderPlus;
			productReference = 558562F12BBADD1A00034CAE /* FolderPlus.app */;
			productType = "com.apple.product-type.application";
		};
		558563092BBADD1C00034CAE /* FolderPlusTests */ = {
			isa = PBXNativeTarget;
			buildConfigurationList = 558563212BBADD1C00034CAE /* Build configuration list for PBXNativeTarget "FolderPlusTests" */;
			buildPhases = (
				558563062BBADD1C00034CAE /* Sources */,
				558563072BBADD1C00034CAE /* Frameworks */,
				558563082BBADD1C00034CAE /* Resources */,
			);
			buildRules = (
			);
			dependencies = (
				5585630C2BBADD1C00034CAE /* PBXTargetDependency */,
			);
			name = FolderPlusTests;
			productName = FolderPlusTests;
			productReference = 5585630A2BBADD1C00034CAE /* FolderPlusTests.xctest */;
			productType = "com.apple.product-type.bundle.unit-test";
		};
		558563132BBADD1C00034CAE /* FolderPlusUITests */ = {
			isa = PBXNativeTarget;
			buildConfigurationList = 558563242BBADD1C00034CAE /* Build configuration list for PBXNativeTarget "FolderPlusUITests" */;
			buildPhases = (
				558563102BBADD1C00034CAE /* Sources */,
				558563112BBADD1C00034CAE /* Frameworks */,
				558563122BBADD1C00034CAE /* Resources */,
			);
			buildRules = (
			);
			dependencies = (
				558563162BBADD1C00034CAE /* PBXTargetDependency */,
			);
			name = FolderPlusUITests;
			productName = FolderPlusUITests;
			productReference = 558563142BBADD1C00034CAE /* FolderPlusUITests.xctest */;
			productType = "com.apple.product-type.bundle.ui-testing";
		};
/* End PBXNativeTarget section */

/* Begin PBXProject section */
		558562E92BBADD1A00034CAE /* Project object */ = {
			isa = PBXProject;
			attributes = {
				BuildIndependentTargetsInParallel = 1;
				LastSwiftUpdateCheck = 1510;
				LastUpgradeCheck = 1510;
				TargetAttributes = {
					558562F02BBADD1A00034CAE = {
						CreatedOnToolsVersion = 15.1;
					};
					558563092BBADD1C00034CAE = {
						CreatedOnToolsVersion = 15.1;
						TestTargetID = 558562F02BBADD1A00034CAE;
					};
					558563132BBADD1C00034CAE = {
						CreatedOnToolsVersion = 15.1;
						TestTargetID = 558562F02BBADD1A00034CAE;
					};
				};
			};
			buildConfigurationList = 558562EC2BBADD1A00034CAE /* Build configuration list for PBXProject "FolderPlus" */;
			compatibilityVersion = "Xcode 14.0";
			developmentRegion = en;
			hasScannedForEncodings = 0;
			knownRegions = (
				en,
				Base,
			);
			mainGroup = 558562E82BBADD1A00034CAE;
			productRefGroup = 558562F22BBADD1A00034CAE /* Products */;
			projectDirPath = "";
			projectRoot = "";
			targets = (
				558562F02BBADD1A00034CAE /* FolderPlus */,
				558563092BBADD1C00034CAE /* FolderPlusTests */,
				558563132BBADD1C00034CAE /* FolderPlusUITests */,
			);
		};
/* End PBXProject section */

/* Begin PBXResourcesBuildPhase section */
		558562EF2BBADD1A00034CAE /* Resources */ = {
			isa = PBXResourcesBuildPhase;
			buildActionMask = 2147483647;
			files = (
				558563042BBADD1C00034CAE /* LaunchScreen.storyboard in Resources */,
				558563012BBADD1C00034CAE /* Assets.xcassets in Resources */,
				558562FC2BBADD1A00034CAE /* Main.storyboard in Resources */,
			);
			runOnlyForDeploymentPostprocessing = 0;
		};
		558563082BBADD1C00034CAE /* Resources */ = {
			isa = PBXResourcesBuildPhase;
			buildActionMask = 2147483647;
			files = (
			);
			runOnlyForDeploymentPostprocessing = 0;
		};
		558563122BBADD1C00034CAE /* Resources */ = {
			isa = PBXResourcesBuildPhase;
			buildActionMask = 2147483647;
			files = (
			);
			runOnlyForDeploymentPostprocessing = 0;
		};
/* End PBXResourcesBuildPhase section */

/* Begin PBXSourcesBuildPhase section */
		558562ED2BBADD1A00034CAE /* Sources */ = {
			isa = PBXSourcesBuildPhase;
			buildActionMask = 2147483647;
			files = (
				558562F92BBADD1A00034CAE /* ViewController.swift in Sources */,
				558562F52BBADD1A00034CAE /* AppDelegate.swift in Sources */,
				558562F72BBADD1A00034CAE /* SceneDelegate.swift in Sources */,
				558562FF2BBADD1A00034CAE /* FolderPlus.xcdatamodeld in Sources */,
			);
			runOnlyForDeploymentPostprocessing = 0;
		};
		558563062BBADD1C00034CAE /* Sources */ = {
			isa = PBXSourcesBuildPhase;
			buildActionMask = 2147483647;
			files = (
				5585630F2BBADD1C00034CAE /* FolderPlusTests.swift in Sources */,
			);
			runOnlyForDeploymentPostprocessing = 0;
		};
		558563102BBADD1C00034CAE /* Sources */ = {
			isa = PBXSourcesBuildPhase;
			buildActionMask = 2147483647;
			files = (
				5585631B2BBADD1C00034CAE /* FolderPlusUITestsLaunchTests.swift in Sources */,
				558563192BBADD1C00034CAE /* FolderPlusUITests.swift in Sources */,
			);
			runOnlyForDeploymentPostprocessing = 0;
		};
/* End PBXSourcesBuildPhase section */

/* Begin PBXTargetDependency section */
		5585630C2BBADD1C00034CAE /* PBXTargetDependency */ = {
			isa = PBXTargetDependency;
			target = 558562F02BBADD1A00034CAE /* FolderPlus */;
			targetProxy = 5585630B2BBADD1C00034CAE /* PBXContainerItemProxy */;
		};
		558563162BBADD1C00034CAE /* PBXTargetDependency */ = {
			isa = PBXTargetDependency;
			target = 558562F02BBADD1A00034CAE /* FolderPlus */;
			targetProxy = 558563152BBADD1C00034CAE /* PBXContainerItemProxy */;
		};
/* End PBXTargetDependency section */

/* Begin PBXVariantGroup section */
		558562FA2BBADD1A00034CAE /* Main.storyboard */ = {
			isa = PBXVariantGroup;
			children = (
				558562FB2BBADD1A00034CAE /* Base */,
			);
			name = Main.storyboard;
			sourceTree = "<group>";
		};
		558563022BBADD1C00034CAE /* LaunchScreen.storyboard */ = {
			isa = PBXVariantGroup;
			children = (
				558563032BBADD1C00034CAE /* Base */,
			);
			name = LaunchScreen.storyboard;
			sourceTree = "<group>";
		};
/* End PBXVariantGroup section */

/* Begin XCBuildConfiguration section */
		5585631C2BBADD1C00034CAE /* Debug */ = {
			isa = XCBuildConfiguration;
			buildSettings = {
				ALWAYS_SEARCH_USER_PATHS = NO;
				ASSETCATALOG_COMPILER_GENERATE_SWIFT_ASSET_SYMBOL_EXTENSIONS = YES;
				CLANG_ANALYZER_NONNULL = YES;
				CLANG_ANALYZER_NUMBER_OBJECT_CONVERSION = YES_AGGRESSIVE;
				CLANG_CXX_LANGUAGE_STANDARD = "gnu++20";
				CLANG_ENABLE_MODULES = YES;
				CLANG_ENABLE_OBJC_ARC = YES;
				CLANG_ENABLE_OBJC_WEAK = YES;
				CLANG_WARN_BLOCK_CAPTURE_AUTORELEASING = YES;
				CLANG_WARN_BOOL_CONVERSION = YES;
				CLANG_WARN_COMMA = YES;
				CLANG_WARN_CONSTANT_CONVERSION = YES;
				CLANG_WARN_DEPRECATED_OBJC_IMPLEMENTATIONS = YES;
				CLANG_WARN_DIRECT_OBJC_ISA_USAGE = YES_ERROR;
				CLANG_WARN_DOCUMENTATION_COMMENTS = YES;
				CLANG_WARN_EMPTY_BODY = YES;
				CLANG_WARN_ENUM_CONVERSION = YES;
				CLANG_WARN_INFINITE_RECURSION = YES;
				CLANG_WARN_INT_CONVERSION = YES;
				CLANG_WARN_NON_LITERAL_NULL_CONVERSION = YES;
				CLANG_WARN_OBJC_IMPLICIT_RETAIN_SELF = YES;
				CLANG_WARN_OBJC_LITERAL_CONVERSION = YES;
				CLANG_WARN_OBJC_ROOT_CLASS = YES_ERROR;
				CLANG_WARN_QUOTED_INCLUDE_IN_FRAMEWORK_HEADER = YES;
				CLANG_WARN_RANGE_LOOP_ANALYSIS = YES;
				CLANG_WARN_STRICT_PROTOTYPES = YES;
				CLANG_WARN_SUSPICIOUS_MOVE = YES;
				CLANG_WARN_UNGUARDED_AVAILABILITY = YES_AGGRESSIVE;
				CLANG_WARN_UNREACHABLE_CODE = YES;
				CLANG_WARN__DUPLICATE_METHOD_MATCH = YES;
				COPY_PHASE_STRIP = NO;
				DEBUG_INFORMATION_FORMAT = dwarf;
				ENABLE_STRICT_OBJC_MSGSEND = YES;
				ENABLE_TESTABILITY = YES;
				ENABLE_USER_SCRIPT_SANDBOXING = YES;
				GCC_C_LANGUAGE_STANDARD = gnu17;
				GCC_DYNAMIC_NO_PIC = NO;
				GCC_NO_COMMON_BLOCKS = YES;
				GCC_OPTIMIZATION_LEVEL = 0;
				GCC_PREPROCESSOR_DEFINITIONS = (
					"DEBUG=1",
					"$(inherited)",
				);
				GCC_WARN_64_TO_32_BIT_CONVERSION = YES;
				GCC_WARN_ABOUT_RETURN_TYPE = YES_ERROR;
				GCC_WARN_UNDECLARED_SELECTOR = YES;
				GCC_WARN_UNINITIALIZED_AUTOS = YES_AGGRESSIVE;
				GCC_WARN_UNUSED_FUNCTION = YES;
				GCC_WARN_UNUSED_VARIABLE = YES;
				IPHONEOS_DEPLOYMENT_TARGET = 17.2;
				LOCALIZATION_PREFERS_STRING_CATALOGS = YES;
				MTL_ENABLE_DEBUG_INFO = INCLUDE_SOURCE;
				MTL_FAST_MATH = YES;
				ONLY_ACTIVE_ARCH = YES;
				SDKROOT = iphoneos;
				SWIFT_ACTIVE_COMPILATION_CONDITIONS = "DEBUG $(inherited)";
				SWIFT_OPTIMIZATION_LEVEL = "-Onone";
			};
			name = Debug;
		};
		5585631D2BBADD1C00034CAE /* Release */ = {
			isa = XCBuildConfiguration;
			buildSettings = {
				ALWAYS_SEARCH_USER_PATHS = NO;
				ASSETCATALOG_COMPILER_GENERATE_SWIFT_ASSET_SYMBOL_EXTENSIONS = YES;
				CLANG_ANALYZER_NONNULL = YES;
				CLANG_ANALYZER_NUMBER_OBJECT_CONVERSION = YES_AGGRESSIVE;
				CLANG_CXX_LANGUAGE_STANDARD = "gnu++20";
				CLANG_ENABLE_MODULES = YES;
				CLANG_ENABLE_OBJC_ARC = YES;
				CLANG_ENABLE_OBJC_WEAK = YES;
				CLANG_WARN_BLOCK_CAPTURE_AUTORELEASING = YES;
				CLANG_WARN_BOOL_CONVERSION = YES;
				CLANG_WARN_COMMA = YES;
				CLANG_WARN_CONSTANT_CONVERSION = YES;
				CLANG_WARN_DEPRECATED_OBJC_IMPLEMENTATIONS = YES;
				CLANG_WARN_DIRECT_OBJC_ISA_USAGE = YES_ERROR;
				CLANG_WARN_DOCUMENTATION_COMMENTS = YES;
				CLANG_WARN_EMPTY_BODY = YES;
				CLANG_WARN_ENUM_CONVERSION = YES;
				CLANG_WARN_INFINITE_RECURSION = YES;
				CLANG_WARN_INT_CONVERSION = YES;
				CLANG_WARN_NON_LITERAL_NULL_CONVERSION = YES;
				CLANG_WARN_OBJC_IMPLICIT_RETAIN_SELF = YES;
				CLANG_WARN_OBJC_LITERAL_CONVERSION = YES;
				CLANG_WARN_OBJC_ROOT_CLASS = YES_ERROR;
				CLANG_WARN_QUOTED_INCLUDE_IN_FRAMEWORK_HEADER = YES;
				CLANG_WARN_RANGE_LOOP_ANALYSIS = YES;
				CLANG_WARN_STRICT_PROTOTYPES = YES;
				CLANG_WARN_SUSPICIOUS_MOVE = YES;
				CLANG_WARN_UNGUARDED_AVAILABILITY = YES_AGGRESSIVE;
				CLANG_WARN_UNREACHABLE_CODE = YES;
				CLANG_WARN__DUPLICATE_METHOD_MATCH = YES;
				COPY_PHASE_STRIP = NO;
				DEBUG_INFORMATION_FORMAT = "dwarf-with-dsym";
				ENABLE_NS_ASSERTIONS = NO;
				ENABLE_STRICT_OBJC_MSGSEND = YES;
				ENABLE_USER_SCRIPT_SANDBOXING = YES;
				GCC_C_LANGUAGE_STANDARD = gnu17;
				GCC_NO_COMMON_BLOCKS = YES;
				GCC_WARN_64_TO_32_BIT_CONVERSION = YES;
				GCC_WARN_ABOUT_RETURN_TYPE = YES_ERROR;
				GCC_WARN_UNDECLARED_SELECTOR = YES;
				GCC_WARN_UNINITIALIZED_AUTOS = YES_AGGRESSIVE;
				GCC_WARN_UNUSED_FUNCTION = YES;
				GCC_WARN_UNUSED_VARIABLE = YES;
				IPHONEOS_DEPLOYMENT_TARGET = 17.2;
				LOCALIZATION_PREFERS_STRING_CATALOGS = YES;
				MTL_ENABLE_DEBUG_INFO = NO;
				MTL_FAST_MATH = YES;
				SDKROOT = iphoneos;
				SWIFT_COMPILATION_MODE = wholemodule;
				VALIDATE_PRODUCT = YES;
			};
			name = Release;
		};
		5585631F2BBADD1C00034CAE /* Debug */ = {
			isa = XCBuildConfiguration;
			buildSettings = {
				ASSETCATALOG_COMPILER_APPICON_NAME = AppIcon;
				ASSETCATALOG_COMPILER_GLOBAL_ACCENT_COLOR_NAME = AccentColor;
				CODE_SIGN_STYLE = Automatic;
				CURRENT_PROJECT_VERSION = 1;
				GENERATE_INFOPLIST_FILE = YES;
				INFOPLIST_FILE = FolderPlus/Info.plist;
				INFOPLIST_KEY_UIApplicationSupportsIndirectInputEvents = YES;
				INFOPLIST_KEY_UILaunchStoryboardName = LaunchScreen;
				INFOPLIST_KEY_UIMainStoryboardFile = Main;
				INFOPLIST_KEY_UISupportedInterfaceOrientations_iPad = "UIInterfaceOrientationPortrait UIInterfaceOrientationPortraitUpsideDown UIInterfaceOrientationLandscapeLeft UIInterfaceOrientationLandscapeRight";
				INFOPLIST_KEY_UISupportedInterfaceOrientations_iPhone = "UIInterfaceOrientationPortrait UIInterfaceOrientationLandscapeLeft UIInterfaceOrientationLandscapeRight";
				LD_RUNPATH_SEARCH_PATHS = (
					"$(inherited)",
					"@executable_path/Frameworks",
				);
				MARKETING_VERSION = 1.0;
				PRODUCT_BUNDLE_IDENTIFIER = rohan.FolderPlus;
				PRODUCT_NAME = "$(TARGET_NAME)";
				SWIFT_EMIT_LOC_STRINGS = YES;
				SWIFT_VERSION = 5.0;
				TARGETED_DEVICE_FAMILY = "1,2";
			};
			name = Debug;
		};
		558563202BBADD1C00034CAE /* Release */ = {
			isa = XCBuildConfiguration;
			buildSettings = {
				ASSETCATALOG_COMPILER_APPICON_NAME = AppIcon;
				ASSETCATALOG_COMPILER_GLOBAL_ACCENT_COLOR_NAME = AccentColor;
				CODE_SIGN_STYLE = Automatic;
				CURRENT_PROJECT_VERSION = 1;
				GENERATE_INFOPLIST_FILE = YES;
				INFOPLIST_FILE = FolderPlus/Info.plist;
				INFOPLIST_KEY_UIApplicationSupportsIndirectInputEvents = YES;
				INFOPLIST_KEY_UILaunchStoryboardName = LaunchScreen;
				INFOPLIST_KEY_UIMainStoryboardFile = Main;
				INFOPLIST_KEY_UISupportedInterfaceOrientations_iPad = "UIInterfaceOrientationPortrait UIInterfaceOrientationPortraitUpsideDown UIInterfaceOrientationLandscapeLeft UIInterfaceOrientationLandscapeRight";
				INFOPLIST_KEY_UISupportedInterfaceOrientations_iPhone = "UIInterfaceOrientationPortrait UIInterfaceOrientationLandscapeLeft UIInterfaceOrientationLandscapeRight";
				LD_RUNPATH_SEARCH_PATHS = (
					"$(inherited)",
					"@executable_path/Frameworks",
				);
				MARKETING_VERSION = 1.0;
				PRODUCT_BUNDLE_IDENTIFIER = rohan.FolderPlus;
				PRODUCT_NAME = "$(TARGET_NAME)";
				SWIFT_EMIT_LOC_STRINGS = YES;
				SWIFT_VERSION = 5.0;
				TARGETED_DEVICE_FAMILY = "1,2";
			};
			name = Release;
		};
		558563222BBADD1C00034CAE /* Debug */ = {
			isa = XCBuildConfiguration;
			buildSettings = {
				ALWAYS_EMBED_SWIFT_STANDARD_LIBRARIES = YES;
				BUNDLE_LOADER = "$(TEST_HOST)";
				CODE_SIGN_STYLE = Automatic;
				CURRENT_PROJECT_VERSION = 1;
				GENERATE_INFOPLIST_FILE = YES;
				IPHONEOS_DEPLOYMENT_TARGET = 17.2;
				MARKETING_VERSION = 1.0;
				PRODUCT_BUNDLE_IDENTIFIER = rohan.FolderPlusTests;
				PRODUCT_NAME = "$(TARGET_NAME)";
				SWIFT_EMIT_LOC_STRINGS = NO;
				SWIFT_VERSION = 5.0;
				TARGETED_DEVICE_FAMILY = "1,2";
				TEST_HOST = "$(BUILT_PRODUCTS_DIR)/FolderPlus.app/$(BUNDLE_EXECUTABLE_FOLDER_PATH)/FolderPlus";
			};
			name = Debug;
		};
		558563232BBADD1C00034CAE /* Release */ = {
			isa = XCBuildConfiguration;
			buildSettings = {
				ALWAYS_EMBED_SWIFT_STANDARD_LIBRARIES = YES;
				BUNDLE_LOADER = "$(TEST_HOST)";
				CODE_SIGN_STYLE = Automatic;
				CURRENT_PROJECT_VERSION = 1;
				GENERATE_INFOPLIST_FILE = YES;
				IPHONEOS_DEPLOYMENT_TARGET = 17.2;
				MARKETING_VERSION = 1.0;
				PRODUCT_BUNDLE_IDENTIFIER = rohan.FolderPlusTests;
				PRODUCT_NAME = "$(TARGET_NAME)";
				SWIFT_EMIT_LOC_STRINGS = NO;
				SWIFT_VERSION = 5.0;
				TARGETED_DEVICE_FAMILY = "1,2";
				TEST_HOST = "$(BUILT_PRODUCTS_DIR)/FolderPlus.app/$(BUNDLE_EXECUTABLE_FOLDER_PATH)/FolderPlus";
			};
			name = Release;
		};
		558563252BBADD1C00034CAE /* Debug */ = {
			isa = XCBuildConfiguration;
			buildSettings = {
				ALWAYS_EMBED_SWIFT_STANDARD_LIBRARIES = YES;
				CODE_SIGN_STYLE = Automatic;
				CURRENT_PROJECT_VERSION = 1;
				GENERATE_INFOPLIST_FILE = YES;
				MARKETING_VERSION = 1.0;
				PRODUCT_BUNDLE_IDENTIFIER = rohan.FolderPlusUITests;
				PRODUCT_NAME = "$(TARGET_NAME)";
				SWIFT_EMIT_LOC_STRINGS = NO;
				SWIFT_VERSION = 5.0;
				TARGETED_DEVICE_FAMILY = "1,2";
				TEST_TARGET_NAME = FolderPlus;
			};
			name = Debug;
		};
		558563262BBADD1C00034CAE /* Release */ = {
			isa = XCBuildConfiguration;
			buildSettings = {
				ALWAYS_EMBED_SWIFT_STANDARD_LIBRARIES = YES;
				CODE_SIGN_STYLE = Automatic;
				CURRENT_PROJECT_VERSION = 1;
				GENERATE_INFOPLIST_FILE = YES;
				MARKETING_VERSION = 1.0;
				PRODUCT_BUNDLE_IDENTIFIER = rohan.FolderPlusUITests;
				PRODUCT_NAME = "$(TARGET_NAME)";
				SWIFT_EMIT_LOC_STRINGS = NO;
				SWIFT_VERSION = 5.0;
				TARGETED_DEVICE_FAMILY = "1,2";
				TEST_TARGET_NAME = FolderPlus;
			};
			name = Release;
		};
/* End XCBuildConfiguration section */

/* Begin XCConfigurationList section */
		558562EC2BBADD1A00034CAE /* Build configuration list for PBXProject "FolderPlus" */ = {
			isa = XCConfigurationList;
			buildConfigurations = (
				5585631C2BBADD1C00034CAE /* Debug */,
				5585631D2BBADD1C00034CAE /* Release */,
			);
			defaultConfigurationIsVisible = 0;
			defaultConfigurationName = Release;
		};
		5585631E2BBADD1C00034CAE /* Build configuration list for PBXNativeTarget "FolderPlus" */ = {
			isa = XCConfigurationList;
			buildConfigurations = (
				5585631F2BBADD1C00034CAE /* Debug */,
				558563202BBADD1C00034CAE /* Release */,
			);
			defaultConfigurationIsVisible = 0;
			defaultConfigurationName = Release;
		};
		558563212BBADD1C00034CAE /* Build configuration list for PBXNativeTarget "FolderPlusTests" */ = {
			isa = XCConfigurationList;
			buildConfigurations = (
				558563222BBADD1C00034CAE /* Debug */,
				558563232BBADD1C00034CAE /* Release */,
			);
			defaultConfigurationIsVisible = 0;
			defaultConfigurationName = Release;
		};
		558563242BBADD1C00034CAE /* Build configuration list for PBXNativeTarget "FolderPlusUITests" */ = {
			isa = XCConfigurationList;
			buildConfigurations = (
				558563252BBADD1C00034CAE /* Debug */,
				558563262BBADD1C00034CAE /* Release */,
			);
			defaultConfigurationIsVisible = 0;
			defaultConfigurationName = Release;
		};
/* End XCConfigurationList section */

/* Begin XCVersionGroup section */
		558562FD2BBADD1A00034CAE /* FolderPlus.xcdatamodeld */ = {
			isa = XCVersionGroup;
			children = (
				558562FE2BBADD1A00034CAE /* FolderPlus.xcdatamodel */,
			);
			currentVersion = 558562FE2BBADD1A00034CAE /* FolderPlus.xcdatamodel */;
			path = FolderPlus.xcdatamodeld;
			sourceTree = "<group>";
			versionGroupType = wrapper.xcdatamodel;
		};
/* End XCVersionGroup section */
	};
	rootObject = 558562E92BBADD1A00034CAE /* Project object */;
}
